PODS:
  - Alamofire (4.5.1)
  - PusherChatkit (0.3.1):
    - PusherPlatform (~> 0.1.31)
  - PusherPlatform (0.1.31)
  - SlackTextViewController (1.9.5)

DEPENDENCIES:
  - Alamofire (~> 4.5.1)
  - PusherChatkit
  - SlackTextViewController (from `https://github.com/slackhq/SlackTextViewController.git`, branch `master`)

EXTERNAL SOURCES:
  SlackTextViewController:
    :branch: master
    :git: https://github.com/slackhq/SlackTextViewController.git

CHECKOUT OPTIONS:
  SlackTextViewController:
    :commit: 4c74cbab29408dda9af33633f86dcc983a3b5363
    :git: https://github.com/slackhq/SlackTextViewController.git

SPEC CHECKSUMS:
  Alamofire: 2d95912bf4c34f164fdfc335872e8c312acaea4a
  PusherChatkit: f50cf3a9d69130f40dc36f7edf8f354f35e4c796
  PusherPlatform: b8aad886c83e96d95ef832a20307f52b3a7f7bdb
  SlackTextViewController: fbcdadbb8090673f604484ff5b6eb8d77baed42a

PODFILE CHECKSUM: 49a5bff478aafd5158d07526a1b1abf91700efb2

COCOAPODS: 1.3.1
