PODS:
  - Alamofire (4.5.1)
  - PusherChatkit (0.4.1):
    - PusherPlatform (~> 0.2.1)
  - PusherPlatform (0.2.1)
  - SlackTextViewController (1.9.5)

DEPENDENCIES:
  - Alamofire (~> 4.5.1)
  - PusherChatkit
  - SlackTextViewController (from `https://github.com/slackhq/SlackTextViewController.git`, branch `master`)

EXTERNAL SOURCES:
  SlackTextViewController:
    :branch: master
    :git: https://github.com/slackhq/SlackTextViewController.git

CHECKOUT OPTIONS:
  SlackTextViewController:
    :commit: 9faa9d2c096661c21f6f320301033fb74c1b91a8
    :git: https://github.com/slackhq/SlackTextViewController.git

SPEC CHECKSUMS:
  Alamofire: 2d95912bf4c34f164fdfc335872e8c312acaea4a
  PusherChatkit: f1c1649f55fdb2b2737eb2c5043b9e678f3bd2c8
  PusherPlatform: de6469633edb6d581f0611674683c23d7f38b5f0
  SlackTextViewController: fbcdadbb8090673f604484ff5b6eb8d77baed42a

PODFILE CHECKSUM: 49a5bff478aafd5158d07526a1b1abf91700efb2

COCOAPODS: 1.4.0.beta.2
